[root]
name = "archiver"
version = "0.1.0"
dependencies = [
 "kamadak-exif 0.2.3 (registry+https://github.com/rust-lang/crates.io-index)",
]

[[package]]
name = "kamadak-exif"
version = "0.2.3"
source = "registry+https://github.com/rust-lang/crates.io-index"

[metadata]
"checksum kamadak-exif 0.2.3 (registry+https://github.com/rust-lang/crates.io-index)" = "844d9f5bb5a82c092884252f4d037bfbcf1b0e44e55173cfe5d01f9d81a7f60a"
